
Microsoft Visual Studio Solution File, Format Version 12.00
# Visual Studio 15
VisualStudioVersion = 15.0.28010.2046
MinimumVisualStudioVersion = 10.0.40219.1
Project("{FAE04EC0-301F-11D3-BF4B-00C04F79EFBC}") = "Tier3ToolBackend", "Tier3ToolBackend\Tier3ToolBackend.csproj", "{581F578E-DC6C-4C79-89CC-7615DFFECB07}"
EndProject
Project("{FAE04EC0-301F-11D3-BF4B-00C04F79EFBC}") = "Tier3ToolDataAccess", "Tier3ToolDataAccess\Tier3ToolDataAccess.csproj", "{BD730856-3109-40D1-9929-99ED5E8AC5E1}"
EndProject
Global
	GlobalSection(SolutionConfigurationPlatforms) = preSolution
		Debug|Any CPU = Debug|Any CPU
		Release|Any CPU = Release|Any CPU
	EndGlobalSection
	GlobalSection(ProjectConfigurationPlatforms) = postSolution
		{581F578E-DC6C-4C79-89CC-7615DFFECB07}.Debug|Any CPU.ActiveCfg = Debug|Any CPU
		{581F578E-DC6C-4C79-89CC-7615DFFECB07}.Debug|Any CPU.Build.0 = Debug|Any CPU
		{581F578E-DC6C-4C79-89CC-7615DFFECB07}.Release|Any CPU.ActiveCfg = Release|Any CPU
		{581F578E-DC6C-4C79-89CC-7615DFFECB07}.Release|Any CPU.Build.0 = Release|Any CPU
		{BD730856-3109-40D1-9929-99ED5E8AC5E1}.Debug|Any CPU.ActiveCfg = Debug|Any CPU
		{BD730856-3109-40D1-9929-99ED5E8AC5E1}.Debug|Any CPU.Build.0 = Debug|Any CPU
		{BD730856-3109-40D1-9929-99ED5E8AC5E1}.Release|Any CPU.ActiveCfg = Release|Any CPU
		{BD730856-3109-40D1-9929-99ED5E8AC5E1}.Release|Any CPU.Build.0 = Release|Any CPU
	EndGlobalSection
	GlobalSection(SolutionProperties) = preSolution
		HideSolutionNode = FALSE
	EndGlobalSection
	GlobalSection(ExtensibilityGlobals) = postSolution
		SolutionGuid = {2A769C9D-1F1D-4C53-AF97-9E8E4BA9B148}
	EndGlobalSection
EndGlobal
