
Microsoft Visual Studio Solution File, Format Version 12.00
# Visual Studio 15
VisualStudioVersion = 15.0.28307.329
MinimumVisualStudioVersion = 10.0.40219.1
Project("{FAE04EC0-301F-11D3-BF4B-00C04F79EFBC}") = "Tier3ToolBackend", "Tier3ToolBackend\Tier3ToolBackend.csproj", "{6FA631B5-CF6F-4D29-899C-80713A28D283}"
EndProject
Global
	GlobalSection(SolutionConfigurationPlatforms) = preSolution
		Debug|Any CPU = Debug|Any CPU
		Release|Any CPU = Release|Any CPU
	EndGlobalSection
	GlobalSection(ProjectConfigurationPlatforms) = postSolution
		{6FA631B5-CF6F-4D29-899C-80713A28D283}.Debug|Any CPU.ActiveCfg = Debug|Any CPU
		{6FA631B5-CF6F-4D29-899C-80713A28D283}.Debug|Any CPU.Build.0 = Debug|Any CPU
		{6FA631B5-CF6F-4D29-899C-80713A28D283}.Release|Any CPU.ActiveCfg = Release|Any CPU
		{6FA631B5-CF6F-4D29-899C-80713A28D283}.Release|Any CPU.Build.0 = Release|Any CPU
	EndGlobalSection
	GlobalSection(SolutionProperties) = preSolution
		HideSolutionNode = FALSE
	EndGlobalSection
	GlobalSection(ExtensibilityGlobals) = postSolution
		SolutionGuid = {662ADB17-9A1A-4A3E-A977-73F427DD0145}
	EndGlobalSection
EndGlobal
